# THIS IS AN AUTOGENERATED FILE. DO NOT EDIT THIS FILE DIRECTLY.
# yarn lockfile v1


"@types/node@^10.5.2":
  version "10.5.2"
  resolved "https://registry.yarnpkg.com/@types/node/-/node-10.5.2.tgz#f19f05314d5421fe37e74153254201a7bf00a707"

commander@~2.13.0:
  version "2.13.0"
  resolved "https://registry.yarnpkg.com/commander/-/commander-2.13.0.tgz#6964bca67685df7c1f1430c584f07d7597885b9c"

rollup-plugin-uglify@^3.0.0:
  version "3.0.0"
  resolved "https://registry.yarnpkg.com/rollup-plugin-uglify/-/rollup-plugin-uglify-3.0.0.tgz#a34eca24617709c6bf1778e9653baafa06099b86"
  dependencies:
    uglify-es "^3.3.7"

source-map@~0.6.1:
  version "0.6.1"
  resolved "https://registry.yarnpkg.com/source-map/-/source-map-0.6.1.tgz#74722af32e9614e9c287a8d0bbde48b5e2f1a263"

uglify-es@^3.3.7:
  version "3.3.9"
  resolved "https://registry.yarnpkg.com/uglify-es/-/uglify-es-3.3.9.tgz#0c1c4f0700bed8dbc124cdb304d2592ca203e677"
  dependencies:
    commander "~2.13.0"
    source-map "~0.6.1"
